
Microsoft Visual Studio Solution File, Format Version 12.00
# Visual Studio Version 17
VisualStudioVersion = 17.5.002.0
MinimumVisualStudioVersion = 10.0.40219.1
Project("{9A19103F-16F7-4668-BE54-9A1E7A4F7556}") = "build-a-matrix-with-conditions", "build-a-matrix-with-conditions.csproj", "{01766A4C-E984-4E90-8130-7ABC6DE93F0F}"
EndProject
Global
	GlobalSection(SolutionConfigurationPlatforms) = preSolution
		Debug|Any CPU = Debug|Any CPU
		Release|Any CPU = Release|Any CPU
	EndGlobalSection
	GlobalSection(ProjectConfigurationPlatforms) = postSolution
		{01766A4C-E984-4E90-8130-7ABC6DE93F0F}.Debug|Any CPU.ActiveCfg = Debug|Any CPU
		{01766A4C-E984-4E90-8130-7ABC6DE93F0F}.Debug|Any CPU.Build.0 = Debug|Any CPU
		{01766A4C-E984-4E90-8130-7ABC6DE93F0F}.Release|Any CPU.ActiveCfg = Release|Any CPU
		{01766A4C-E984-4E90-8130-7ABC6DE93F0F}.Release|Any CPU.Build.0 = Release|Any CPU
	EndGlobalSection
	GlobalSection(SolutionProperties) = preSolution
		HideSolutionNode = FALSE
	EndGlobalSection
	GlobalSection(ExtensibilityGlobals) = postSolution
		SolutionGuid = {31D09E01-3EF4-4E21-A3A2-B018660A0C2C}
	EndGlobalSection
EndGlobal
